// !$*UTF8*$!
{
	archiveVersion = 1;
	classes = {
	};
	objectVersion = 48;
	objects = {

/* Begin PBXBuildFile section */
		9427E99020B53B350017A8EC /* AppDelegate.swift in Sources */ = {isa = PBXBuildFile; fileRef = 9427E98F20B53B350017A8EC /* AppDelegate.swift */; };
		9427E99220B53B350017A8EC /* ViewController.swift in Sources */ = {isa = PBXBuildFile; fileRef = 9427E99120B53B350017A8EC /* ViewController.swift */; };
		9427E99520B53B350017A8EC /* Main.storyboard in Resources */ = {isa = PBXBuildFile; fileRef = 9427E99320B53B350017A8EC /* Main.storyboard */; };
		9427E99720B53B350017A8EC /* Assets.xcassets in Resources */ = {isa = PBXBuildFile; fileRef = 9427E99620B53B350017A8EC /* Assets.xcassets */; };
		9427E99A20B53B350017A8EC /* LaunchScreen.storyboard in Resources */ = {isa = PBXBuildFile; fileRef = 9427E99820B53B350017A8EC /* LaunchScreen.storyboard */; };
		9427E9A220B543F40017A8EC /* TagTableViewCell.swift in Sources */ = {isa = PBXBuildFile; fileRef = 9427E9A120B543F30017A8EC /* TagTableViewCell.swift */; };
		94484D1E20B7DA1F006B35BB /* ViewControllerWithPod.swift in Sources */ = {isa = PBXBuildFile; fileRef = 94484D1D20B7DA1F006B35BB /* ViewControllerWithPod.swift */; };
		9476D8C120BBC5E3009E5D7B /* ViewControllerWithOutPod.swift in Sources */ = {isa = PBXBuildFile; fileRef = 9476D8C020BBC5E3009E5D7B /* ViewControllerWithOutPod.swift */; };
		CF6AC377E4520EF0EE5539BA /* Pods_Adding_Dynamic_Label_In_Table_Cell.framework in Frameworks */ = {isa = PBXBuildFile; fileRef = 5AA22347500F09ABB72705C5 /* Pods_Adding_Dynamic_Label_In_Table_Cell.framework */; };
/* End PBXBuildFile section */

/* Begin PBXFileReference section */
		5AA22347500F09ABB72705C5 /* Pods_Adding_Dynamic_Label_In_Table_Cell.framework */ = {isa = PBXFileReference; explicitFileType = wrapper.framework; includeInIndex = 0; path = Pods_Adding_Dynamic_Label_In_Table_Cell.framework; sourceTree = BUILT_PRODUCTS_DIR; };
		9427E98C20B53B350017A8EC /* Adding Dynamic Label In Table Cell.app */ = {isa = PBXFileReference; explicitFileType = wrapper.application; includeInIndex = 0; path = "Adding Dynamic Label In Table Cell.app"; sourceTree = BUILT_PRODUCTS_DIR; };
		9427E98F20B53B350017A8EC /* AppDelegate.swift */ = {isa = PBXFileReference; lastKnownFileType = sourcecode.swift; path = AppDelegate.swift; sourceTree = "<group>"; };
		9427E99120B53B350017A8EC /* ViewController.swift */ = {isa = PBXFileReference; lastKnownFileType = sourcecode.swift; path = ViewController.swift; sourceTree = "<group>"; };
		9427E99420B53B350017A8EC /* Base */ = {isa = PBXFileReference; lastKnownFileType = file.storyboard; name = Base; path = Base.lproj/Main.storyboard; sourceTree = "<group>"; };
		9427E99620B53B350017A8EC /* Assets.xcassets */ = {isa = PBXFileReference; lastKnownFileType = folder.assetcatalog; path = Assets.xcassets; sourceTree = "<group>"; };
		9427E99920B53B350017A8EC /* Base */ = {isa = PBXFileReference; lastKnownFileType = file.storyboard; name = Base; path = Base.lproj/LaunchScreen.storyboard; sourceTree = "<group>"; };
		9427E99B20B53B350017A8EC /* Info.plist */ = {isa = PBXFileReference; lastKnownFileType = text.plist.xml; path = Info.plist; sourceTree = "<group>"; };
		9427E9A120B543F30017A8EC /* TagTableViewCell.swift */ = {isa = PBXFileReference; lastKnownFileType = sourcecode.swift; path = TagTableViewCell.swift; sourceTree = "<group>"; };
		94484D1D20B7DA1F006B35BB /* ViewControllerWithPod.swift */ = {isa = PBXFileReference; lastKnownFileType = sourcecode.swift; path = ViewControllerWithPod.swift; sourceTree = "<group>"; };
		9476D8C020BBC5E3009E5D7B /* ViewControllerWithOutPod.swift */ = {isa = PBXFileReference; lastKnownFileType = sourcecode.swift; path = ViewControllerWithOutPod.swift; sourceTree = "<group>"; };
		BA0354B9C141DB7E9E039557 /* Pods-Adding Dynamic Label In Table Cell.release.xcconfig */ = {isa = PBXFileReference; includeInIndex = 1; lastKnownFileType = text.xcconfig; name = "Pods-Adding Dynamic Label In Table Cell.release.xcconfig"; path = "Pods/Target Support Files/Pods-Adding Dynamic Label In Table Cell/Pods-Adding Dynamic Label In Table Cell.release.xcconfig"; sourceTree = "<group>"; };
		D6281BA992EE2C5042EA177C /* Pods-Adding Dynamic Label In Table Cell.debug.xcconfig */ = {isa = PBXFileReference; includeInIndex = 1; lastKnownFileType = text.xcconfig; name = "Pods-Adding Dynamic Label In Table Cell.debug.xcconfig"; path = "Pods/Target Support Files/Pods-Adding Dynamic Label In Table Cell/Pods-Adding Dynamic Label In Table Cell.debug.xcconfig"; sourceTree = "<group>"; };
/* End PBXFileReference section */

/* Begin PBXFrameworksBuildPhase section */
		9427E98920B53B350017A8EC /* Frameworks */ = {
			isa = PBXFrameworksBuildPhase;
			buildActionMask = 2147483647;
			files = (
				CF6AC377E4520EF0EE5539BA /* Pods_Adding_Dynamic_Label_In_Table_Cell.framework in Frameworks */,
			);
			runOnlyForDeploymentPostprocessing = 0;
		};
/* End PBXFrameworksBuildPhase section */

/* Begin PBXGroup section */
		5914276FB2693530B94B8376 /* Frameworks */ = {
			isa = PBXGroup;
			children = (
				5AA22347500F09ABB72705C5 /* Pods_Adding_Dynamic_Label_In_Table_Cell.framework */,
			);
			name = Frameworks;
			sourceTree = "<group>";
		};
		9427E98320B53B350017A8EC = {
			isa = PBXGroup;
			children = (
				9427E98E20B53B350017A8EC /* Adding Dynamic Label In Table Cell */,
				9427E98D20B53B350017A8EC /* Products */,
				C514B29E322CA89EA09598D7 /* Pods */,
				5914276FB2693530B94B8376 /* Frameworks */,
			);
			sourceTree = "<group>";
		};
		9427E98D20B53B350017A8EC /* Products */ = {
			isa = PBXGroup;
			children = (
				9427E98C20B53B350017A8EC /* Adding Dynamic Label In Table Cell.app */,
			);
			name = Products;
			sourceTree = "<group>";
		};
		9427E98E20B53B350017A8EC /* Adding Dynamic Label In Table Cell */ = {
			isa = PBXGroup;
			children = (
				94484D1D20B7DA1F006B35BB /* ViewControllerWithPod.swift */,
				9427E98F20B53B350017A8EC /* AppDelegate.swift */,
				9427E99120B53B350017A8EC /* ViewController.swift */,
				9427E99320B53B350017A8EC /* Main.storyboard */,
				9476D8C020BBC5E3009E5D7B /* ViewControllerWithOutPod.swift */,
				9427E9A120B543F30017A8EC /* TagTableViewCell.swift */,
				9427E99620B53B350017A8EC /* Assets.xcassets */,
				9427E99820B53B350017A8EC /* LaunchScreen.storyboard */,
				9427E99B20B53B350017A8EC /* Info.plist */,
			);
			path = "Adding Dynamic Label In Table Cell";
			sourceTree = "<group>";
		};
		C514B29E322CA89EA09598D7 /* Pods */ = {
			isa = PBXGroup;
			children = (
				D6281BA992EE2C5042EA177C /* Pods-Adding Dynamic Label In Table Cell.debug.xcconfig */,
				BA0354B9C141DB7E9E039557 /* Pods-Adding Dynamic Label In Table Cell.release.xcconfig */,
			);
			name = Pods;
			sourceTree = "<group>";
		};
/* End PBXGroup section */

/* Begin PBXNativeTarget section */
		9427E98B20B53B350017A8EC /* Adding Dynamic Label In Table Cell */ = {
			isa = PBXNativeTarget;
			buildConfigurationList = 9427E99E20B53B350017A8EC /* Build configuration list for PBXNativeTarget "Adding Dynamic Label In Table Cell" */;
			buildPhases = (
				6BDCEA4B384CF36D34D2BB16 /* [CP] Check Pods Manifest.lock */,
				9427E98820B53B350017A8EC /* Sources */,
				9427E98920B53B350017A8EC /* Frameworks */,
				9427E98A20B53B350017A8EC /* Resources */,
				917C0880A0449A36800E6A09 /* [CP] Embed Pods Frameworks */,
				57F10029F74B5B8A5D9FE5CC /* [CP] Copy Pods Resources */,
			);
			buildRules = (
			);
			dependencies = (
			);
			name = "Adding Dynamic Label In Table Cell";
			productName = "Adding Dynamic Label In Table Cell";
			productReference = 9427E98C20B53B350017A8EC /* Adding Dynamic Label In Table Cell.app */;
			productType = "com.apple.product-type.application";
		};
/* End PBXNativeTarget section */

/* Begin PBXProject section */
		9427E98420B53B350017A8EC /* Project object */ = {
			isa = PBXProject;
			attributes = {
				LastSwiftUpdateCheck = 0920;
				LastUpgradeCheck = 0920;
				ORGANIZATIONNAME = "Nitin Bhatia";
				TargetAttributes = {
					9427E98B20B53B350017A8EC = {
						CreatedOnToolsVersion = 9.2;
						ProvisioningStyle = Automatic;
					};
				};
			};
			buildConfigurationList = 9427E98720B53B350017A8EC /* Build configuration list for PBXProject "Adding Dynamic Label In Table Cell" */;
			compatibilityVersion = "Xcode 8.0";
			developmentRegion = en;
			hasScannedForEncodings = 0;
			knownRegions = (
				en,
				Base,
			);
			mainGroup = 9427E98320B53B350017A8EC;
			productRefGroup = 9427E98D20B53B350017A8EC /* Products */;
			projectDirPath = "";
			projectRoot = "";
			targets = (
				9427E98B20B53B350017A8EC /* Adding Dynamic Label In Table Cell */,
			);
		};
/* End PBXProject section */

/* Begin PBXResourcesBuildPhase section */
		9427E98A20B53B350017A8EC /* Resources */ = {
			isa = PBXResourcesBuildPhase;
			buildActionMask = 2147483647;
			files = (
				9427E99A20B53B350017A8EC /* LaunchScreen.storyboard in Resources */,
				9427E99720B53B350017A8EC /* Assets.xcassets in Resources */,
				9427E99520B53B350017A8EC /* Main.storyboard in Resources */,
			);
			runOnlyForDeploymentPostprocessing = 0;
		};
/* End PBXResourcesBuildPhase section */

/* Begin PBXShellScriptBuildPhase section */
		57F10029F74B5B8A5D9FE5CC /* [CP] Copy Pods Resources */ = {
			isa = PBXShellScriptBuildPhase;
			buildActionMask = 2147483647;
			files = (
			);
			inputPaths = (
			);
			name = "[CP] Copy Pods Resources";
			outputPaths = (
			);
			runOnlyForDeploymentPostprocessing = 0;
			shellPath = /bin/sh;
			shellScript = "\"${SRCROOT}/Pods/Target Support Files/Pods-Adding Dynamic Label In Table Cell/Pods-Adding Dynamic Label In Table Cell-resources.sh\"\n";
			showEnvVarsInLog = 0;
		};
		6BDCEA4B384CF36D34D2BB16 /* [CP] Check Pods Manifest.lock */ = {
			isa = PBXShellScriptBuildPhase;
			buildActionMask = 2147483647;
			files = (
			);
			inputPaths = (
				"${PODS_PODFILE_DIR_PATH}/Podfile.lock",
				"${PODS_ROOT}/Manifest.lock",
			);
			name = "[CP] Check Pods Manifest.lock";
			outputPaths = (
				"$(DERIVED_FILE_DIR)/Pods-Adding Dynamic Label In Table Cell-checkManifestLockResult.txt",
			);
			runOnlyForDeploymentPostprocessing = 0;
			shellPath = /bin/sh;
			shellScript = "diff \"${PODS_PODFILE_DIR_PATH}/Podfile.lock\" \"${PODS_ROOT}/Manifest.lock\" > /dev/null\nif [ $? != 0 ] ; then\n    # print error to STDERR\n    echo \"error: The sandbox is not in sync with the Podfile.lock. Run 'pod install' or update your CocoaPods installation.\" >&2\n    exit 1\nfi\n# This output is used by Xcode 'outputs' to avoid re-running this script phase.\necho \"SUCCESS\" > \"${SCRIPT_OUTPUT_FILE_0}\"\n";
			showEnvVarsInLog = 0;
		};
		917C0880A0449A36800E6A09 /* [CP] Embed Pods Frameworks */ = {
			isa = PBXShellScriptBuildPhase;
			buildActionMask = 2147483647;
			files = (
			);
			inputPaths = (
				"${SRCROOT}/Pods/Target Support Files/Pods-Adding Dynamic Label In Table Cell/Pods-Adding Dynamic Label In Table Cell-frameworks.sh",
				"${BUILT_PRODUCTS_DIR}/ActiveLabel/ActiveLabel.framework",
			);
			name = "[CP] Embed Pods Frameworks";
			outputPaths = (
				"${TARGET_BUILD_DIR}/${FRAMEWORKS_FOLDER_PATH}/ActiveLabel.framework",
			);
			runOnlyForDeploymentPostprocessing = 0;
			shellPath = /bin/sh;
			shellScript = "\"${SRCROOT}/Pods/Target Support Files/Pods-Adding Dynamic Label In Table Cell/Pods-Adding Dynamic Label In Table Cell-frameworks.sh\"\n";
			showEnvVarsInLog = 0;
		};
/* End PBXShellScriptBuildPhase section */

/* Begin PBXSourcesBuildPhase section */
		9427E98820B53B350017A8EC /* Sources */ = {
			isa = PBXSourcesBuildPhase;
			buildActionMask = 2147483647;
			files = (
				9476D8C120BBC5E3009E5D7B /* ViewControllerWithOutPod.swift in Sources */,
				9427E99220B53B350017A8EC /* ViewController.swift in Sources */,
				94484D1E20B7DA1F006B35BB /* ViewControllerWithPod.swift in Sources */,
				9427E99020B53B350017A8EC /* AppDelegate.swift in Sources */,
				9427E9A220B543F40017A8EC /* TagTableViewCell.swift in Sources */,
			);
			runOnlyForDeploymentPostprocessing = 0;
		};
/* End PBXSourcesBuildPhase section */

/* Begin PBXVariantGroup section */
		9427E99320B53B350017A8EC /* Main.storyboard */ = {
			isa = PBXVariantGroup;
			children = (
				9427E99420B53B350017A8EC /* Base */,
			);
			name = Main.storyboard;
			sourceTree = "<group>";
		};
		9427E99820B53B350017A8EC /* LaunchScreen.storyboard */ = {
			isa = PBXVariantGroup;
			children = (
				9427E99920B53B350017A8EC /* Base */,
			);
			name = LaunchScreen.storyboard;
			sourceTree = "<group>";
		};
/* End PBXVariantGroup section */

/* Begin XCBuildConfiguration section */
		9427E99C20B53B350017A8EC /* Debug */ = {
			isa = XCBuildConfiguration;
			buildSettings = {
				ALWAYS_SEARCH_USER_PATHS = NO;
				CLANG_ANALYZER_NONNULL = YES;
				CLANG_ANALYZER_NUMBER_OBJECT_CONVERSION = YES_AGGRESSIVE;
				CLANG_CXX_LANGUAGE_STANDARD = "gnu++14";
				CLANG_CXX_LIBRARY = "libc++";
				CLANG_ENABLE_MODULES = YES;
				CLANG_ENABLE_OBJC_ARC = YES;
				CLANG_WARN_BLOCK_CAPTURE_AUTORELEASING = YES;
				CLANG_WARN_BOOL_CONVERSION = YES;
				CLANG_WARN_COMMA = YES;
				CLANG_WARN_CONSTANT_CONVERSION = YES;
				CLANG_WARN_DIRECT_OBJC_ISA_USAGE = YES_ERROR;
				CLANG_WARN_DOCUMENTATION_COMMENTS = YES;
				CLANG_WARN_EMPTY_BODY = YES;
				CLANG_WARN_ENUM_CONVERSION = YES;
				CLANG_WARN_INFINITE_RECURSION = YES;
				CLANG_WARN_INT_CONVERSION = YES;
				CLANG_WARN_NON_LITERAL_NULL_CONVERSION = YES;
				CLANG_WARN_OBJC_LITERAL_CONVERSION = YES;
				CLANG_WARN_OBJC_ROOT_CLASS = YES_ERROR;
				CLANG_WARN_RANGE_LOOP_ANALYSIS = YES;
				CLANG_WARN_STRICT_PROTOTYPES = YES;
				CLANG_WARN_SUSPICIOUS_MOVE = YES;
				CLANG_WARN_UNGUARDED_AVAILABILITY = YES_AGGRESSIVE;
				CLANG_WARN_UNREACHABLE_CODE = YES;
				CLANG_WARN__DUPLICATE_METHOD_MATCH = YES;
				CODE_SIGN_IDENTITY = "iPhone Developer";
				COPY_PHASE_STRIP = NO;
				DEBUG_INFORMATION_FORMAT = dwarf;
				ENABLE_STRICT_OBJC_MSGSEND = YES;
				ENABLE_TESTABILITY = YES;
				GCC_C_LANGUAGE_STANDARD = gnu11;
				GCC_DYNAMIC_NO_PIC = NO;
				GCC_NO_COMMON_BLOCKS = YES;
				GCC_OPTIMIZATION_LEVEL = 0;
				GCC_PREPROCESSOR_DEFINITIONS = (
					"DEBUG=1",
					"$(inherited)",
				);
				GCC_WARN_64_TO_32_BIT_CONVERSION = YES;
				GCC_WARN_ABOUT_RETURN_TYPE = YES_ERROR;
				GCC_WARN_UNDECLARED_SELECTOR = YES;
				GCC_WARN_UNINITIALIZED_AUTOS = YES_AGGRESSIVE;
				GCC_WARN_UNUSED_FUNCTION = YES;
				GCC_WARN_UNUSED_VARIABLE = YES;
				IPHONEOS_DEPLOYMENT_TARGET = 11.2;
				MTL_ENABLE_DEBUG_INFO = YES;
				ONLY_ACTIVE_ARCH = YES;
				SDKROOT = iphoneos;
				SWIFT_ACTIVE_COMPILATION_CONDITIONS = DEBUG;
				SWIFT_OPTIMIZATION_LEVEL = "-Onone";
			};
			name = Debug;
		};
		9427E99D20B53B350017A8EC /* Release */ = {
			isa = XCBuildConfiguration;
			buildSettings = {
				ALWAYS_SEARCH_USER_PATHS = NO;
				CLANG_ANALYZER_NONNULL = YES;
				CLANG_ANALYZER_NUMBER_OBJECT_CONVERSION = YES_AGGRESSIVE;
				CLANG_CXX_LANGUAGE_STANDARD = "gnu++14";
				CLANG_CXX_LIBRARY = "libc++";
				CLANG_ENABLE_MODULES = YES;
				CLANG_ENABLE_OBJC_ARC = YES;
				CLANG_WARN_BLOCK_CAPTURE_AUTORELEASING = YES;
				CLANG_WARN_BOOL_CONVERSION = YES;
				CLANG_WARN_COMMA = YES;
				CLANG_WARN_CONSTANT_CONVERSION = YES;
				CLANG_WARN_DIRECT_OBJC_ISA_USAGE = YES_ERROR;
				CLANG_WARN_DOCUMENTATION_COMMENTS = YES;
				CLANG_WARN_EMPTY_BODY = YES;
				CLANG_WARN_ENUM_CONVERSION = YES;
				CLANG_WARN_INFINITE_RECURSION = YES;
				CLANG_WARN_INT_CONVERSION = YES;
				CLANG_WARN_NON_LITERAL_NULL_CONVERSION = YES;
				CLANG_WARN_OBJC_LITERAL_CONVERSION = YES;
				CLANG_WARN_OBJC_ROOT_CLASS = YES_ERROR;
				CLANG_WARN_RANGE_LOOP_ANALYSIS = YES;
				CLANG_WARN_STRICT_PROTOTYPES = YES;
				CLANG_WARN_SUSPICIOUS_MOVE = YES;
				CLANG_WARN_UNGUARDED_AVAILABILITY = YES_AGGRESSIVE;
				CLANG_WARN_UNREACHABLE_CODE = YES;
				CLANG_WARN__DUPLICATE_METHOD_MATCH = YES;
				CODE_SIGN_IDENTITY = "iPhone Developer";
				COPY_PHASE_STRIP = NO;
				DEBUG_INFORMATION_FORMAT = "dwarf-with-dsym";
				ENABLE_NS_ASSERTIONS = NO;
				ENABLE_STRICT_OBJC_MSGSEND = YES;
				GCC_C_LANGUAGE_STANDARD = gnu11;
				GCC_NO_COMMON_BLOCKS = YES;
				GCC_WARN_64_TO_32_BIT_CONVERSION = YES;
				GCC_WARN_ABOUT_RETURN_TYPE = YES_ERROR;
				GCC_WARN_UNDECLARED_SELECTOR = YES;
				GCC_WARN_UNINITIALIZED_AUTOS = YES_AGGRESSIVE;
				GCC_WARN_UNUSED_FUNCTION = YES;
				GCC_WARN_UNUSED_VARIABLE = YES;
				IPHONEOS_DEPLOYMENT_TARGET = 11.2;
				MTL_ENABLE_DEBUG_INFO = NO;
				SDKROOT = iphoneos;
				SWIFT_OPTIMIZATION_LEVEL = "-Owholemodule";
				VALIDATE_PRODUCT = YES;
			};
			name = Release;
		};
		9427E99F20B53B350017A8EC /* Debug */ = {
			isa = XCBuildConfiguration;
			baseConfigurationReference = D6281BA992EE2C5042EA177C /* Pods-Adding Dynamic Label In Table Cell.debug.xcconfig */;
			buildSettings = {
				ASSETCATALOG_COMPILER_APPICON_NAME = AppIcon;
				CODE_SIGN_STYLE = Automatic;
				INFOPLIST_FILE = "Adding Dynamic Label In Table Cell/Info.plist";
				LD_RUNPATH_SEARCH_PATHS = "$(inherited) @executable_path/Frameworks";
				PRODUCT_BUNDLE_IDENTIFIER = "Nitin-Bhatia.Adding-Dynamic-Label-In-Table-Cell";
				PRODUCT_NAME = "$(TARGET_NAME)";
				SWIFT_VERSION = 4.0;
				TARGETED_DEVICE_FAMILY = "1,2";
			};
			name = Debug;
		};
		9427E9A020B53B350017A8EC /* Release */ = {
			isa = XCBuildConfiguration;
			baseConfigurationReference = BA0354B9C141DB7E9E039557 /* Pods-Adding Dynamic Label In Table Cell.release.xcconfig */;
			buildSettings = {
				ASSETCATALOG_COMPILER_APPICON_NAME = AppIcon;
				CODE_SIGN_STYLE = Automatic;
				INFOPLIST_FILE = "Adding Dynamic Label In Table Cell/Info.plist";
				LD_RUNPATH_SEARCH_PATHS = "$(inherited) @executable_path/Frameworks";
				PRODUCT_BUNDLE_IDENTIFIER = "Nitin-Bhatia.Adding-Dynamic-Label-In-Table-Cell";
				PRODUCT_NAME = "$(TARGET_NAME)";
				SWIFT_VERSION = 4.0;
				TARGETED_DEVICE_FAMILY = "1,2";
			};
			name = Release;
		};
/* End XCBuildConfiguration section */

/* Begin XCConfigurationList section */
		9427E98720B53B350017A8EC /* Build configuration list for PBXProject "Adding Dynamic Label In Table Cell" */ = {
			isa = XCConfigurationList;
			buildConfigurations = (
				9427E99C20B53B350017A8EC /* Debug */,
				9427E99D20B53B350017A8EC /* Release */,
			);
			defaultConfigurationIsVisible = 0;
			defaultConfigurationName = Release;
		};
		9427E99E20B53B350017A8EC /* Build configuration list for PBXNativeTarget "Adding Dynamic Label In Table Cell" */ = {
			isa = XCConfigurationList;
			buildConfigurations = (
				9427E99F20B53B350017A8EC /* Debug */,
				9427E9A020B53B350017A8EC /* Release */,
			);
			defaultConfigurationIsVisible = 0;
			defaultConfigurationName = Release;
		};
/* End XCConfigurationList section */
	};
	rootObject = 9427E98420B53B350017A8EC /* Project object */;
}
